
Microsoft Visual Studio Solution File, Format Version 12.00
# Visual Studio Version 17
VisualStudioVersion = 17.3.32929.385
MinimumVisualStudioVersion = 10.0.40219.1
Project("{FAE04EC0-301F-11D3-BF4B-00C04F79EFBC}") = "TryCatchFinally", "TryCatchFinally\TryCatchFinally.csproj", "{16827A50-D4B5-4F61-8BEC-2BF4FBF4491D}"
EndProject
Global
	GlobalSection(SolutionConfigurationPlatforms) = preSolution
		Debug|Any CPU = Debug|Any CPU
		Release|Any CPU = Release|Any CPU
	EndGlobalSection
	GlobalSection(ProjectConfigurationPlatforms) = postSolution
		{16827A50-D4B5-4F61-8BEC-2BF4FBF4491D}.Debug|Any CPU.ActiveCfg = Debug|Any CPU
		{16827A50-D4B5-4F61-8BEC-2BF4FBF4491D}.Debug|Any CPU.Build.0 = Debug|Any CPU
		{16827A50-D4B5-4F61-8BEC-2BF4FBF4491D}.Release|Any CPU.ActiveCfg = Release|Any CPU
		{16827A50-D4B5-4F61-8BEC-2BF4FBF4491D}.Release|Any CPU.Build.0 = Release|Any CPU
	EndGlobalSection
	GlobalSection(SolutionProperties) = preSolution
		HideSolutionNode = FALSE
	EndGlobalSection
	GlobalSection(ExtensibilityGlobals) = postSolution
		SolutionGuid = {AEF005BD-20A6-45E2-844D-9EDA31DDE2D5}
	EndGlobalSection
EndGlobal
